
Microsoft Visual Studio Solution File, Format Version 12.00
# Visual Studio Version 17
VisualStudioVersion = 17.7.34024.191
MinimumVisualStudioVersion = 10.0.40219.1
Project("{FAE04EC0-301F-11D3-BF4B-00C04F79EFBC}") = "Tugas_2_Kelompok_3", "Tugas_2_Kelompok_3\Tugas_2_Kelompok_3.csproj", "{E0FD9100-B1D8-4EB2-BDCA-41472592F67B}"
EndProject
Global
	GlobalSection(SolutionConfigurationPlatforms) = preSolution
		Debug|Any CPU = Debug|Any CPU
		Release|Any CPU = Release|Any CPU
	EndGlobalSection
	GlobalSection(ProjectConfigurationPlatforms) = postSolution
		{E0FD9100-B1D8-4EB2-BDCA-41472592F67B}.Debug|Any CPU.ActiveCfg = Debug|Any CPU
		{E0FD9100-B1D8-4EB2-BDCA-41472592F67B}.Debug|Any CPU.Build.0 = Debug|Any CPU
		{E0FD9100-B1D8-4EB2-BDCA-41472592F67B}.Release|Any CPU.ActiveCfg = Release|Any CPU
		{E0FD9100-B1D8-4EB2-BDCA-41472592F67B}.Release|Any CPU.Build.0 = Release|Any CPU
	EndGlobalSection
	GlobalSection(SolutionProperties) = preSolution
		HideSolutionNode = FALSE
	EndGlobalSection
	GlobalSection(ExtensibilityGlobals) = postSolution
		SolutionGuid = {2B27BC76-3AE0-47A8-A543-171BDAE815A7}
	EndGlobalSection
EndGlobal
